
Microsoft Visual Studio Solution File, Format Version 12.00
# Visual Studio 15
Project("{FAE04EC0-301F-11D3-BF4B-00C04F79EFBC}") = "Band.API", "Band.API\Band.API.csproj", "{8E927997-5F02-4EC0-95BD-1E1FD88ACC0F}"
EndProject
Project("{E53339B2-1760-4266-BCC7-CA923CBCF16C}") = "docker-compose", "docker-compose.dcproj", "{C1B30FAD-FB8B-4622-BDDD-E2111D3074BD}"
EndProject
Global
	GlobalSection(SolutionConfigurationPlatforms) = preSolution
		Debug|Any CPU = Debug|Any CPU
		Release|Any CPU = Release|Any CPU
	EndGlobalSection
	GlobalSection(ProjectConfigurationPlatforms) = postSolution
		{8E927997-5F02-4EC0-95BD-1E1FD88ACC0F}.Debug|Any CPU.ActiveCfg = Debug|Any CPU
		{8E927997-5F02-4EC0-95BD-1E1FD88ACC0F}.Debug|Any CPU.Build.0 = Debug|Any CPU
		{8E927997-5F02-4EC0-95BD-1E1FD88ACC0F}.Release|Any CPU.ActiveCfg = Release|Any CPU
		{8E927997-5F02-4EC0-95BD-1E1FD88ACC0F}.Release|Any CPU.Build.0 = Release|Any CPU
		{C1B30FAD-FB8B-4622-BDDD-E2111D3074BD}.Debug|Any CPU.ActiveCfg = Debug|Any CPU
		{C1B30FAD-FB8B-4622-BDDD-E2111D3074BD}.Debug|Any CPU.Build.0 = Debug|Any CPU
		{C1B30FAD-FB8B-4622-BDDD-E2111D3074BD}.Release|Any CPU.ActiveCfg = Release|Any CPU
		{C1B30FAD-FB8B-4622-BDDD-E2111D3074BD}.Release|Any CPU.Build.0 = Release|Any CPU
	EndGlobalSection
EndGlobal
